
Microsoft Visual Studio Solution File, Format Version 12.00
# Visual Studio 15
VisualStudioVersion = 15.0.28307.106
MinimumVisualStudioVersion = 10.0.40219.1
Project("{FAE04EC0-301F-11D3-BF4B-00C04F79EFBC}") = "ConsoleApp1", "ConsoleApp1\ConsoleApp1.csproj", "{A3FFA1E0-97DE-448C-A35B-C1F391CA599B}"
EndProject
Project("{FAE04EC0-301F-11D3-BF4B-00C04F79EFBC}") = "FangsClassLibrary", "..\FangsClassLibrary\FangsClassLibrary\FangsClassLibrary.csproj", "{70249F39-C737-44C8-855A-3324B1496B47}"
EndProject
Project("{FAE04EC0-301F-11D3-BF4B-00C04F79EFBC}") = "FangsClassLibraryTests", "FandsClassLibraryTests\FangsClassLibraryTests\FangsClassLibraryTests.csproj", "{F2D019A9-75C1-4FA8-9D8D-94845B13DAAA}"
EndProject
Global
	GlobalSection(SolutionConfigurationPlatforms) = preSolution
		Debug|Any CPU = Debug|Any CPU
		Release|Any CPU = Release|Any CPU
	EndGlobalSection
	GlobalSection(ProjectConfigurationPlatforms) = postSolution
		{A3FFA1E0-97DE-448C-A35B-C1F391CA599B}.Debug|Any CPU.ActiveCfg = Debug|Any CPU
		{A3FFA1E0-97DE-448C-A35B-C1F391CA599B}.Debug|Any CPU.Build.0 = Debug|Any CPU
		{A3FFA1E0-97DE-448C-A35B-C1F391CA599B}.Release|Any CPU.ActiveCfg = Release|Any CPU
		{A3FFA1E0-97DE-448C-A35B-C1F391CA599B}.Release|Any CPU.Build.0 = Release|Any CPU
		{70249F39-C737-44C8-855A-3324B1496B47}.Debug|Any CPU.ActiveCfg = Debug|Any CPU
		{70249F39-C737-44C8-855A-3324B1496B47}.Debug|Any CPU.Build.0 = Debug|Any CPU
		{70249F39-C737-44C8-855A-3324B1496B47}.Release|Any CPU.ActiveCfg = Release|Any CPU
		{70249F39-C737-44C8-855A-3324B1496B47}.Release|Any CPU.Build.0 = Release|Any CPU
		{F2D019A9-75C1-4FA8-9D8D-94845B13DAAA}.Debug|Any CPU.ActiveCfg = Debug|Any CPU
		{F2D019A9-75C1-4FA8-9D8D-94845B13DAAA}.Debug|Any CPU.Build.0 = Debug|Any CPU
		{F2D019A9-75C1-4FA8-9D8D-94845B13DAAA}.Release|Any CPU.ActiveCfg = Release|Any CPU
		{F2D019A9-75C1-4FA8-9D8D-94845B13DAAA}.Release|Any CPU.Build.0 = Release|Any CPU
	EndGlobalSection
	GlobalSection(SolutionProperties) = preSolution
		HideSolutionNode = FALSE
	EndGlobalSection
	GlobalSection(ExtensibilityGlobals) = postSolution
		SolutionGuid = {AC73E5E9-0D1A-4B96-9891-1FEBD8D9A441}
	EndGlobalSection
EndGlobal
